
Microsoft Visual Studio Solution File, Format Version 12.00
# Visual Studio Version 16
VisualStudioVersion = 16.0.29306.81
MinimumVisualStudioVersion = 10.0.40219.1
Project("{9A19103F-16F7-4668-BE54-9A1E7A4F7556}") = "SDM.CompulsoryAssignment1.Exercise1", "SDM.CompulsoryAssignment1.Exercise1\SDM.CompulsoryAssignment1.Exercise1.csproj", "{C1BCE9BB-3643-4F2F-86B4-2588CABFA979}"
EndProject
Global
	GlobalSection(SolutionConfigurationPlatforms) = preSolution
		Debug|Any CPU = Debug|Any CPU
		Release|Any CPU = Release|Any CPU
	EndGlobalSection
	GlobalSection(ProjectConfigurationPlatforms) = postSolution
		{C1BCE9BB-3643-4F2F-86B4-2588CABFA979}.Debug|Any CPU.ActiveCfg = Debug|Any CPU
		{C1BCE9BB-3643-4F2F-86B4-2588CABFA979}.Debug|Any CPU.Build.0 = Debug|Any CPU
		{C1BCE9BB-3643-4F2F-86B4-2588CABFA979}.Release|Any CPU.ActiveCfg = Release|Any CPU
		{C1BCE9BB-3643-4F2F-86B4-2588CABFA979}.Release|Any CPU.Build.0 = Release|Any CPU
	EndGlobalSection
	GlobalSection(SolutionProperties) = preSolution
		HideSolutionNode = FALSE
	EndGlobalSection
	GlobalSection(ExtensibilityGlobals) = postSolution
		SolutionGuid = {C418AFE7-5F4F-4324-8A45-000D098DA74C}
	EndGlobalSection
EndGlobal
